{
  "requires": true,
  "lockfileVersion": 1,
  "dependencies": {
    "round-to": {
      "version": "2.0.0",
      "resolved": "https://registry.npmjs.org/round-to/-/round-to-2.0.0.tgz",
      "integrity": "sha1-vO9PK8r9lICQLCFCFQsoyJfwPjc="
    },
    "same-value": {
      "version": "1.0.2",
      "resolved": "https://registry.npmjs.org/same-value/-/same-value-1.0.2.tgz",
      "integrity": "sha1-n+q71UrZHuMrplHhioby9/7i3Rw="
    }
  }
}
